PODS:
  - Flutter (1.0.0)
  - integration_test (0.0.1):
    - Flutter
  - mopro_flutter_bindings (0.0.1):
    - Flutter

DEPENDENCIES:
  - Flutter (from `Flutter`)
  - integration_test (from `.symlinks/plugins/integration_test/ios`)
  - mopro_flutter_bindings (from `.symlinks/plugins/mopro_flutter_bindings/ios`)

EXTERNAL SOURCES:
  Flutter:
    :path: Flutter
  integration_test:
    :path: ".symlinks/plugins/integration_test/ios"
  mopro_flutter_bindings:
    :path: ".symlinks/plugins/mopro_flutter_bindings/ios"

SPEC CHECKSUMS:
  Flutter: cabc95a1d2626b1b06e7179b784ebcf0c0cde467
  integration_test: 4a889634ef21a45d28d50d622cf412dc6d9f586e
  mopro_flutter_bindings: ea1507b3c65d4d6bccf59d1ecf404b09803cf2d4

PODFILE CHECKSUM: 4f1c12611da7338d21589c0b2ecd6bd20b109694

COCOAPODS: 1.16.2
